
Microsoft Visual Studio Solution File, Format Version 12.00
# Visual Studio Version 17
VisualStudioVersion = 17.5.33627.172
MinimumVisualStudioVersion = 10.0.40219.1
Project("{FAE04EC0-301F-11D3-BF4B-00C04F79EFBC}") = "VTYS_PROJE1", "VTYS_PROJE1.csproj", "{1596EDD1-900B-4D2B-9049-F01C9C56B760}"
EndProject
Global
	GlobalSection(SolutionConfigurationPlatforms) = preSolution
		Debug|Any CPU = Debug|Any CPU
		Release|Any CPU = Release|Any CPU
	EndGlobalSection
	GlobalSection(ProjectConfigurationPlatforms) = postSolution
		{1596EDD1-900B-4D2B-9049-F01C9C56B760}.Debug|Any CPU.ActiveCfg = Debug|Any CPU
		{1596EDD1-900B-4D2B-9049-F01C9C56B760}.Debug|Any CPU.Build.0 = Debug|Any CPU
		{1596EDD1-900B-4D2B-9049-F01C9C56B760}.Release|Any CPU.ActiveCfg = Release|Any CPU
		{1596EDD1-900B-4D2B-9049-F01C9C56B760}.Release|Any CPU.Build.0 = Release|Any CPU
	EndGlobalSection
	GlobalSection(SolutionProperties) = preSolution
		HideSolutionNode = FALSE
	EndGlobalSection
	GlobalSection(ExtensibilityGlobals) = postSolution
		SolutionGuid = {EF0A3DA7-0DE6-400A-98DD-8A745E736576}
	EndGlobalSection
EndGlobal
